
Microsoft Visual Studio Solution File, Format Version 12.00
# Visual Studio 2013
VisualStudioVersion = 12.0.21005.1
MinimumVisualStudioVersion = 10.0.40219.1
Project("{FAE04EC0-301F-11D3-BF4B-00C04F79EFBC}") = "K System", "K System\K System.csproj", "{7155778D-5B40-484E-BF41-462D0CCDEB0C}"
EndProject
Project("{FAE04EC0-301F-11D3-BF4B-00C04F79EFBC}") = "DataAcces", "DataAcces\DataAcces.csproj", "{9F1E3B85-7BCF-4909-B7C7-80640D2F53AB}"
EndProject
Project("{FAE04EC0-301F-11D3-BF4B-00C04F79EFBC}") = "BussinesLogic", "BussinesLogic\BussinesLogic.csproj", "{40B757D4-ACA3-425E-A7BA-997C10914E9C}"
EndProject
Global
	GlobalSection(SolutionConfigurationPlatforms) = preSolution
		Debug|Any CPU = Debug|Any CPU
		Release|Any CPU = Release|Any CPU
	EndGlobalSection
	GlobalSection(ProjectConfigurationPlatforms) = postSolution
		{7155778D-5B40-484E-BF41-462D0CCDEB0C}.Debug|Any CPU.ActiveCfg = Debug|Any CPU
		{7155778D-5B40-484E-BF41-462D0CCDEB0C}.Debug|Any CPU.Build.0 = Debug|Any CPU
		{7155778D-5B40-484E-BF41-462D0CCDEB0C}.Release|Any CPU.ActiveCfg = Release|Any CPU
		{7155778D-5B40-484E-BF41-462D0CCDEB0C}.Release|Any CPU.Build.0 = Release|Any CPU
		{9F1E3B85-7BCF-4909-B7C7-80640D2F53AB}.Debug|Any CPU.ActiveCfg = Debug|Any CPU
		{9F1E3B85-7BCF-4909-B7C7-80640D2F53AB}.Debug|Any CPU.Build.0 = Debug|Any CPU
		{9F1E3B85-7BCF-4909-B7C7-80640D2F53AB}.Release|Any CPU.ActiveCfg = Release|Any CPU
		{9F1E3B85-7BCF-4909-B7C7-80640D2F53AB}.Release|Any CPU.Build.0 = Release|Any CPU
		{40B757D4-ACA3-425E-A7BA-997C10914E9C}.Debug|Any CPU.ActiveCfg = Debug|Any CPU
		{40B757D4-ACA3-425E-A7BA-997C10914E9C}.Debug|Any CPU.Build.0 = Debug|Any CPU
		{40B757D4-ACA3-425E-A7BA-997C10914E9C}.Release|Any CPU.ActiveCfg = Release|Any CPU
		{40B757D4-ACA3-425E-A7BA-997C10914E9C}.Release|Any CPU.Build.0 = Release|Any CPU
	EndGlobalSection
	GlobalSection(SolutionProperties) = preSolution
		HideSolutionNode = FALSE
	EndGlobalSection
EndGlobal
